<?xml version="1.0" encoding="utf-8"?>
<Project ToolsVersion="4.0" xmlns="http://schemas.microsoft.com/developer/msbuild/2003">
  <ItemGroup>
    <Filter Include="Source Files">
      <UniqueIdentifier>{e71097ee-972f-484d-9678-04f1a5ff606d}</UniqueIdentifier>
    </Filter>
    <Filter Include="Header Files">
      <UniqueIdentifier>{b5560705-07f4-43ed-b061-9d6bbc3336fc}</UniqueIdentifier>
    </Filter>
    <Filter Include="Resource Files">
      <UniqueIdentifier>{e68720e1-78f4-4d40-b8af-3ab88bc78fc2}</UniqueIdentifier>
    </Filter>
  </ItemGroup>
  <ItemGroup>
    <ClCompile Include="NativeWinApi.cpp">
      <Filter>Source Files</Filter>
    </ClCompile>
    <ClCompile Include="DeviceNameResolverInternal.cpp">
      <Filter>Source Files</Filter>
    </ClCompile>
    <ClCompile Include="DeviceNameResolver.cpp">
      <Filter>Source Files</Filter>
    </ClCompile>
  </ItemGroup>
  <ItemGroup>
    <ClInclude Include="NativeWinApi.h">
      <Filter>Header Files</Filter>
    </ClInclude>
    <ClInclude Include="DynBuf.h">
      <Filter>Header Files</Filter>
    </ClInclude>
    <ClInclude Include="DeviceNameResolverInternal.h">
      <Filter>Header Files</Filter>
    </ClInclude>
    <ClInclude Include="DeviceNameResolver.h">
      <Filter>Header Files</Filter>
    </ClInclude>
  </ItemGroup>
</Project>